Microsoft Visual Studio Solution File, Format Version 11.00
# Visual Studio 2010
Project("{7EF39841-FDCC-4472-AFD8-BAB0584E6C2D}") = "hunt", "hunt.visualdproj", "{AA3A7264-3B3C-492A-BAAC-D7B8AC55BB92}"
	ProjectSection(ProjectDependencies) = postProject
		{A5143E9D-C40F-487B-8CF0-86D90411E59A} = {A5143E9D-C40F-487B-8CF0-86D90411E59A}
	EndProjectSection
EndProject
Project("{7EF39841-FDCC-4472-AFD8-BAB0584E6C2D}") = "collie", "collie.visualdproj", "{A5143E9D-C40F-487B-8CF0-86D90411E59A}"
EndProject
Global
	GlobalSection(SolutionConfigurationPlatforms) = preSolution
		debug|Win32 = debug|Win32
	EndGlobalSection
	GlobalSection(ProjectConfigurationPlatforms) = postSolution
		{A5143E9D-C40F-487B-8CF0-86D90411E59A}.debug|Win32.ActiveCfg = debug|Win32
		{A5143E9D-C40F-487B-8CF0-86D90411E59A}.debug|Win32.Build.0 = debug|Win32
		{AA3A7264-3B3C-492A-BAAC-D7B8AC55BB92}.debug|Win32.ActiveCfg = debug|Win32
		{AA3A7264-3B3C-492A-BAAC-D7B8AC55BB92}.debug|Win32.Build.0 = debug|Win32
	EndGlobalSection
	GlobalSection(SolutionProperties) = preSolution
		HideSolutionNode = FALSE
	EndGlobalSection
EndGlobal
